
Microsoft Visual Studio Solution File, Format Version 12.00
# Visual Studio 14
VisualStudioVersion = 14.0.23107.0
MinimumVisualStudioVersion = 10.0.40219.1
Project("{FAE04EC0-301F-11D3-BF4B-00C04F79EFBC}") = "contactManager2", "contactManager2\contactManager2.csproj", "{7E81D22E-C6ED-4303-8D42-ABDE3A1FAFC0}"
EndProject
Project("{FAE04EC0-301F-11D3-BF4B-00C04F79EFBC}") = "DataModel", "DataModel\DataModel.csproj", "{7369173C-1CBF-4FD1-BEFB-1DBA15C48860}"
EndProject
Project("{FAE04EC0-301F-11D3-BF4B-00C04F79EFBC}") = "BusinessEntities", "BusinessEntities\BusinessEntities.csproj", "{B1456176-69BA-43B7-8350-0174AAA9D1FA}"
EndProject
Global
	GlobalSection(SolutionConfigurationPlatforms) = preSolution
		Debug|Any CPU = Debug|Any CPU
		Release|Any CPU = Release|Any CPU
	EndGlobalSection
	GlobalSection(ProjectConfigurationPlatforms) = postSolution
		{7E81D22E-C6ED-4303-8D42-ABDE3A1FAFC0}.Debug|Any CPU.ActiveCfg = Debug|Any CPU
		{7E81D22E-C6ED-4303-8D42-ABDE3A1FAFC0}.Debug|Any CPU.Build.0 = Debug|Any CPU
		{7E81D22E-C6ED-4303-8D42-ABDE3A1FAFC0}.Release|Any CPU.ActiveCfg = Release|Any CPU
		{7E81D22E-C6ED-4303-8D42-ABDE3A1FAFC0}.Release|Any CPU.Build.0 = Release|Any CPU
		{7369173C-1CBF-4FD1-BEFB-1DBA15C48860}.Debug|Any CPU.ActiveCfg = Debug|Any CPU
		{7369173C-1CBF-4FD1-BEFB-1DBA15C48860}.Debug|Any CPU.Build.0 = Debug|Any CPU
		{7369173C-1CBF-4FD1-BEFB-1DBA15C48860}.Release|Any CPU.ActiveCfg = Release|Any CPU
		{7369173C-1CBF-4FD1-BEFB-1DBA15C48860}.Release|Any CPU.Build.0 = Release|Any CPU
		{B1456176-69BA-43B7-8350-0174AAA9D1FA}.Debug|Any CPU.ActiveCfg = Debug|Any CPU
		{B1456176-69BA-43B7-8350-0174AAA9D1FA}.Debug|Any CPU.Build.0 = Debug|Any CPU
		{B1456176-69BA-43B7-8350-0174AAA9D1FA}.Release|Any CPU.ActiveCfg = Release|Any CPU
		{B1456176-69BA-43B7-8350-0174AAA9D1FA}.Release|Any CPU.Build.0 = Release|Any CPU
	EndGlobalSection
	GlobalSection(SolutionProperties) = preSolution
		HideSolutionNode = FALSE
	EndGlobalSection
EndGlobal
